{
  "name": "@workit/ai-failure-lab",
  "version": "0.1.0",
  "lockfileVersion": 3,
  "requires": true,
  "packages": {
    "": {
      "name": "@workit/ai-failure-lab",
      "version": "0.1.0",
      "license": "Apache-2.0",
      "dependencies": {
        "@workit/core": "1.0.0"
      },
      "engines": {
        "node": ">=20.11"
      }
    },
    "node_modules/@workit/core": {
      "version": "1.0.0",
      "resolved": "https://registry.npmjs.org/@workit/core/-/core-1.0.0.tgz",
      "integrity": "sha512-QZcHxdCoaRoP8PDB8Emi5Um6wDcPVbPTOplOKiWyTqPVgCBK5On7WvwopUiqkRS4I2JVl8lruz31HOhtTYOtzA==",
      "license": "Apache-2.0",
      "engines": {
        "node": ">=20.11"
      },
      "peerDependencies": {
        "@opentelemetry/api": "^1.9.1"
      },
      "peerDependenciesMeta": {
        "@opentelemetry/api": {
          "optional": true
        }
      }
    }
  }
}
