{
  "name": "@workit/ai-failure-lab",
  "version": "0.1.0",
  "lockfileVersion": 3,
  "requires": true,
  "packages": {
    "": {
      "name": "@workit/ai-failure-lab",
      "version": "0.1.0",
      "license": "Apache-2.0",
      "dependencies": {
        "@workit/core": "0.6.1"
      },
      "engines": {
        "node": ">=20.11"
      }
    },
    "node_modules/@workit/core": {
      "version": "0.6.1",
      "resolved": "https://registry.npmjs.org/@workit/core/-/core-0.6.1.tgz",
      "integrity": "sha512-NrJdPs8iX/Ph/gTwBJ01soy3SYJQE81GiIpKIZKZ8UWa3L92LzWIBQyPirOXDBAb7Folv7/ayi7J61eN+vFGlA==",
      "license": "Apache-2.0",
      "engines": {
        "node": ">=20.11"
      },
      "peerDependencies": {
        "@opentelemetry/api": "^1.9.1"
      },
      "peerDependenciesMeta": {
        "@opentelemetry/api": {
          "optional": true
        }
      }
    }
  }
}
